
Microsoft Visual Studio Solution File, Format Version 12.00
# Visual Studio Version 16
VisualStudioVersion = 16.0.30717.126
MinimumVisualStudioVersion = 10.0.40219.1
Project("{FAE04EC0-301F-11D3-BF4B-00C04F79EFBC}") = "Project", "Project\Project.csproj", "{A0AE96D4-626F-4EF8-9B67-40BFEB12AA75}"
EndProject
Global
	GlobalSection(SolutionConfigurationPlatforms) = preSolution
		Debug|Any CPU = Debug|Any CPU
		Release|Any CPU = Release|Any CPU
	EndGlobalSection
	GlobalSection(ProjectConfigurationPlatforms) = postSolution
		{A0AE96D4-626F-4EF8-9B67-40BFEB12AA75}.Debug|Any CPU.ActiveCfg = Debug|Any CPU
		{A0AE96D4-626F-4EF8-9B67-40BFEB12AA75}.Debug|Any CPU.Build.0 = Debug|Any CPU
		{A0AE96D4-626F-4EF8-9B67-40BFEB12AA75}.Release|Any CPU.ActiveCfg = Release|Any CPU
		{A0AE96D4-626F-4EF8-9B67-40BFEB12AA75}.Release|Any CPU.Build.0 = Release|Any CPU
	EndGlobalSection
	GlobalSection(SolutionProperties) = preSolution
		HideSolutionNode = FALSE
	EndGlobalSection
	GlobalSection(ExtensibilityGlobals) = postSolution
		SolutionGuid = {1C647258-F0CA-472A-AF86-625F49585629}
	EndGlobalSection
EndGlobal
